
Microsoft Visual Studio Solution File, Format Version 12.00
# Visual Studio Version 16
VisualStudioVersion = 16.0.31402.337
MinimumVisualStudioVersion = 10.0.40219.1
Project("{FAE04EC0-301F-11D3-BF4B-00C04F79EFBC}") = "Projeto-Curso-full-stack.API", "Projeto-Curso-full-stack.API\Projeto-Curso-full-stack.API.csproj", "{3A691549-82EF-4088-AE5B-EE2B44F7045E}"
EndProject
Global
	GlobalSection(SolutionConfigurationPlatforms) = preSolution
		Debug|Any CPU = Debug|Any CPU
		Release|Any CPU = Release|Any CPU
	EndGlobalSection
	GlobalSection(ProjectConfigurationPlatforms) = postSolution
		{3A691549-82EF-4088-AE5B-EE2B44F7045E}.Debug|Any CPU.ActiveCfg = Debug|Any CPU
		{3A691549-82EF-4088-AE5B-EE2B44F7045E}.Debug|Any CPU.Build.0 = Debug|Any CPU
		{3A691549-82EF-4088-AE5B-EE2B44F7045E}.Release|Any CPU.ActiveCfg = Release|Any CPU
		{3A691549-82EF-4088-AE5B-EE2B44F7045E}.Release|Any CPU.Build.0 = Release|Any CPU
	EndGlobalSection
	GlobalSection(SolutionProperties) = preSolution
		HideSolutionNode = FALSE
	EndGlobalSection
	GlobalSection(ExtensibilityGlobals) = postSolution
		SolutionGuid = {0A8C74C4-5B2F-4E14-B83A-C68C0A794625}
	EndGlobalSection
EndGlobal
